// !$*UTF8*$!
{
	archiveVersion = 1;
	classes = {
	};
	objectVersion = 46;
	objects = {

/* Begin PBXBuildFile section */
		BF3A6F78152C100A0020B7C5 /* Foundation.framework in Frameworks */ = {isa = PBXBuildFile; fileRef = BF3A6F77152C100A0020B7C5 /* Foundation.framework */; };
		BF3A6F92152C10270020B7C5 /* NSMutableString+RSSKit.h in Headers */ = {isa = PBXBuildFile; fileRef = BF3A6F84152C10270020B7C5 /* NSMutableString+RSSKit.h */; };
		BF3A6F93152C10270020B7C5 /* NSMutableString+RSSKit.m in Sources */ = {isa = PBXBuildFile; fileRef = BF3A6F85152C10270020B7C5 /* NSMutableString+RSSKit.m */; };
		BF3A6F94152C10270020B7C5 /* RSSAttachedMedia.h in Headers */ = {isa = PBXBuildFile; fileRef = BF3A6F86152C10270020B7C5 /* RSSAttachedMedia.h */; };
		BF3A6F95152C10270020B7C5 /* RSSAttachedMedia.m in Sources */ = {isa = PBXBuildFile; fileRef = BF3A6F87152C10270020B7C5 /* RSSAttachedMedia.m */; };
		BF3A6F96152C10270020B7C5 /* RSSCloudService.h in Headers */ = {isa = PBXBuildFile; fileRef = BF3A6F88152C10270020B7C5 /* RSSCloudService.h */; };
		BF3A6F97152C10270020B7C5 /* RSSCloudService.m in Sources */ = {isa = PBXBuildFile; fileRef = BF3A6F89152C10270020B7C5 /* RSSCloudService.m */; };
		BF3A6F98152C10270020B7C5 /* RSSDefines.h in Headers */ = {isa = PBXBuildFile; fileRef = BF3A6F8A152C10270020B7C5 /* RSSDefines.h */; };
		BF3A6F99152C10270020B7C5 /* RSSEntry.h in Headers */ = {isa = PBXBuildFile; fileRef = BF3A6F8B152C10270020B7C5 /* RSSEntry.h */; };
		BF3A6F9A152C10270020B7C5 /* RSSEntry.m in Sources */ = {isa = PBXBuildFile; fileRef = BF3A6F8C152C10270020B7C5 /* RSSEntry.m */; };
		BF3A6F9B152C10270020B7C5 /* RSSFeed.h in Headers */ = {isa = PBXBuildFile; fileRef = BF3A6F8D152C10270020B7C5 /* RSSFeed.h */; };
		BF3A6F9C152C10270020B7C5 /* RSSFeed.m in Sources */ = {isa = PBXBuildFile; fileRef = BF3A6F8E152C10270020B7C5 /* RSSFeed.m */; };
		BF3A6F9D152C10270020B7C5 /* RSSKit.h in Headers */ = {isa = PBXBuildFile; fileRef = BF3A6F8F152C10270020B7C5 /* RSSKit.h */; };
		BF3A6F9E152C10270020B7C5 /* RSSParser.h in Headers */ = {isa = PBXBuildFile; fileRef = BF3A6F90152C10270020B7C5 /* RSSParser.h */; };
		BF3A6F9F152C10270020B7C5 /* RSSParser.m in Sources */ = {isa = PBXBuildFile; fileRef = BF3A6F91152C10270020B7C5 /* RSSParser.m */; };
/* End PBXBuildFile section */

/* Begin PBXFileReference section */
		BF3A6F74152C100A0020B7C5 /* libRSSKit.a */ = {isa = PBXFileReference; explicitFileType = archive.ar; includeInIndex = 0; path = libRSSKit.a; sourceTree = BUILT_PRODUCTS_DIR; };
		BF3A6F77152C100A0020B7C5 /* Foundation.framework */ = {isa = PBXFileReference; lastKnownFileType = wrapper.framework; name = Foundation.framework; path = System/Library/Frameworks/Foundation.framework; sourceTree = SDKROOT; };
		BF3A6F7B152C100A0020B7C5 /* RSSKit-Prefix.pch */ = {isa = PBXFileReference; lastKnownFileType = sourcecode.c.h; path = "RSSKit-Prefix.pch"; sourceTree = "<group>"; };
		BF3A6F84152C10270020B7C5 /* NSMutableString+RSSKit.h */ = {isa = PBXFileReference; fileEncoding = 4; lastKnownFileType = sourcecode.c.h; path = "NSMutableString+RSSKit.h"; sourceTree = "<group>"; };
		BF3A6F85152C10270020B7C5 /* NSMutableString+RSSKit.m */ = {isa = PBXFileReference; fileEncoding = 4; lastKnownFileType = sourcecode.c.objc; path = "NSMutableString+RSSKit.m"; sourceTree = "<group>"; };
		BF3A6F86152C10270020B7C5 /* RSSAttachedMedia.h */ = {isa = PBXFileReference; fileEncoding = 4; lastKnownFileType = sourcecode.c.h; path = RSSAttachedMedia.h; sourceTree = "<group>"; };
		BF3A6F87152C10270020B7C5 /* RSSAttachedMedia.m */ = {isa = PBXFileReference; fileEncoding = 4; lastKnownFileType = sourcecode.c.objc; path = RSSAttachedMedia.m; sourceTree = "<group>"; };
		BF3A6F88152C10270020B7C5 /* RSSCloudService.h */ = {isa = PBXFileReference; fileEncoding = 4; lastKnownFileType = sourcecode.c.h; path = RSSCloudService.h; sourceTree = "<group>"; };
		BF3A6F89152C10270020B7C5 /* RSSCloudService.m */ = {isa = PBXFileReference; fileEncoding = 4; lastKnownFileType = sourcecode.c.objc; path = RSSCloudService.m; sourceTree = "<group>"; };
		BF3A6F8A152C10270020B7C5 /* RSSDefines.h */ = {isa = PBXFileReference; fileEncoding = 4; lastKnownFileType = sourcecode.c.h; path = RSSDefines.h; sourceTree = "<group>"; };
		BF3A6F8B152C10270020B7C5 /* RSSEntry.h */ = {isa = PBXFileReference; fileEncoding = 4; lastKnownFileType = sourcecode.c.h; path = RSSEntry.h; sourceTree = "<group>"; };
		BF3A6F8C152C10270020B7C5 /* RSSEntry.m */ = {isa = PBXFileReference; fileEncoding = 4; lastKnownFileType = sourcecode.c.objc; path = RSSEntry.m; sourceTree = "<group>"; };
		BF3A6F8D152C10270020B7C5 /* RSSFeed.h */ = {isa = PBXFileReference; fileEncoding = 4; lastKnownFileType = sourcecode.c.h; path = RSSFeed.h; sourceTree = "<group>"; };
		BF3A6F8E152C10270020B7C5 /* RSSFeed.m */ = {isa = PBXFileReference; fileEncoding = 4; lastKnownFileType = sourcecode.c.objc; path = RSSFeed.m; sourceTree = "<group>"; };
		BF3A6F8F152C10270020B7C5 /* RSSKit.h */ = {isa = PBXFileReference; fileEncoding = 4; lastKnownFileType = sourcecode.c.h; name = RSSKit.h; path = RSSKit/RSSKit.h; sourceTree = "<group>"; };
		BF3A6F90152C10270020B7C5 /* RSSParser.h */ = {isa = PBXFileReference; fileEncoding = 4; lastKnownFileType = sourcecode.c.h; path = RSSParser.h; sourceTree = "<group>"; };
		BF3A6F91152C10270020B7C5 /* RSSParser.m */ = {isa = PBXFileReference; fileEncoding = 4; lastKnownFileType = sourcecode.c.objc; path = RSSParser.m; sourceTree = "<group>"; };
/* End PBXFileReference section */

/* Begin PBXFrameworksBuildPhase section */
		BF3A6F71152C100A0020B7C5 /* Frameworks */ = {
			isa = PBXFrameworksBuildPhase;
			buildActionMask = 2147483647;
			files = (
				BF3A6F78152C100A0020B7C5 /* Foundation.framework in Frameworks */,
			);
			runOnlyForDeploymentPostprocessing = 0;
		};
/* End PBXFrameworksBuildPhase section */

/* Begin PBXGroup section */
		BF3A6F69152C100A0020B7C5 = {
			isa = PBXGroup;
			children = (
				BF3A6F8F152C10270020B7C5 /* RSSKit.h */,
				BF3A6F79152C100A0020B7C5 /* RSSKit */,
				BF3A6F7A152C100A0020B7C5 /* Supporting Files */,
				BF3A6F76152C100A0020B7C5 /* Frameworks */,
				BF3A6F75152C100A0020B7C5 /* Products */,
			);
			sourceTree = "<group>";
		};
		BF3A6F75152C100A0020B7C5 /* Products */ = {
			isa = PBXGroup;
			children = (
				BF3A6F74152C100A0020B7C5 /* libRSSKit.a */,
			);
			name = Products;
			sourceTree = "<group>";
		};
		BF3A6F76152C100A0020B7C5 /* Frameworks */ = {
			isa = PBXGroup;
			children = (
				BF3A6F77152C100A0020B7C5 /* Foundation.framework */,
			);
			name = Frameworks;
			sourceTree = "<group>";
		};
		BF3A6F79152C100A0020B7C5 /* RSSKit */ = {
			isa = PBXGroup;
			children = (
				BF3A6FA0152C10730020B7C5 /* Utils */,
				BF3A6F86152C10270020B7C5 /* RSSAttachedMedia.h */,
				BF3A6F87152C10270020B7C5 /* RSSAttachedMedia.m */,
				BF3A6F88152C10270020B7C5 /* RSSCloudService.h */,
				BF3A6F89152C10270020B7C5 /* RSSCloudService.m */,
				BF3A6F8A152C10270020B7C5 /* RSSDefines.h */,
				BF3A6F8B152C10270020B7C5 /* RSSEntry.h */,
				BF3A6F8C152C10270020B7C5 /* RSSEntry.m */,
				BF3A6F8D152C10270020B7C5 /* RSSFeed.h */,
				BF3A6F8E152C10270020B7C5 /* RSSFeed.m */,
				BF3A6F90152C10270020B7C5 /* RSSParser.h */,
				BF3A6F91152C10270020B7C5 /* RSSParser.m */,
			);
			path = RSSKit;
			sourceTree = "<group>";
		};
		BF3A6F7A152C100A0020B7C5 /* Supporting Files */ = {
			isa = PBXGroup;
			children = (
				BF3A6F7B152C100A0020B7C5 /* RSSKit-Prefix.pch */,
			);
			name = "Supporting Files";
			path = RSSKit;
			sourceTree = "<group>";
		};
		BF3A6FA0152C10730020B7C5 /* Utils */ = {
			isa = PBXGroup;
			children = (
				BF3A6F84152C10270020B7C5 /* NSMutableString+RSSKit.h */,
				BF3A6F85152C10270020B7C5 /* NSMutableString+RSSKit.m */,
			);
			name = Utils;
			sourceTree = "<group>";
		};
/* End PBXGroup section */

/* Begin PBXHeadersBuildPhase section */
		BF3A6F72152C100A0020B7C5 /* Headers */ = {
			isa = PBXHeadersBuildPhase;
			buildActionMask = 2147483647;
			files = (
				BF3A6F92152C10270020B7C5 /* NSMutableString+RSSKit.h in Headers */,
				BF3A6F94152C10270020B7C5 /* RSSAttachedMedia.h in Headers */,
				BF3A6F96152C10270020B7C5 /* RSSCloudService.h in Headers */,
				BF3A6F98152C10270020B7C5 /* RSSDefines.h in Headers */,
				BF3A6F99152C10270020B7C5 /* RSSEntry.h in Headers */,
				BF3A6F9B152C10270020B7C5 /* RSSFeed.h in Headers */,
				BF3A6F9D152C10270020B7C5 /* RSSKit.h in Headers */,
				BF3A6F9E152C10270020B7C5 /* RSSParser.h in Headers */,
			);
			runOnlyForDeploymentPostprocessing = 0;
		};
/* End PBXHeadersBuildPhase section */

/* Begin PBXNativeTarget section */
		BF3A6F73152C100A0020B7C5 /* RSSKit */ = {
			isa = PBXNativeTarget;
			buildConfigurationList = BF3A6F81152C100A0020B7C5 /* Build configuration list for PBXNativeTarget "RSSKit" */;
			buildPhases = (
				BF3A6F70152C100A0020B7C5 /* Sources */,
				BF3A6F71152C100A0020B7C5 /* Frameworks */,
				BF3A6F72152C100A0020B7C5 /* Headers */,
			);
			buildRules = (
			);
			dependencies = (
			);
			name = RSSKit;
			productName = RSSKit;
			productReference = BF3A6F74152C100A0020B7C5 /* libRSSKit.a */;
			productType = "com.apple.product-type.library.static";
		};
/* End PBXNativeTarget section */

/* Begin PBXProject section */
		BF3A6F6B152C100A0020B7C5 /* Project object */ = {
			isa = PBXProject;
			attributes = {
				LastUpgradeCheck = 0430;
			};
			buildConfigurationList = BF3A6F6E152C100A0020B7C5 /* Build configuration list for PBXProject "RSSKit" */;
			compatibilityVersion = "Xcode 3.2";
			developmentRegion = English;
			hasScannedForEncodings = 0;
			knownRegions = (
				en,
			);
			mainGroup = BF3A6F69152C100A0020B7C5;
			productRefGroup = BF3A6F75152C100A0020B7C5 /* Products */;
			projectDirPath = "";
			projectRoot = "";
			targets = (
				BF3A6F73152C100A0020B7C5 /* RSSKit */,
			);
		};
/* End PBXProject section */

/* Begin PBXSourcesBuildPhase section */
		BF3A6F70152C100A0020B7C5 /* Sources */ = {
			isa = PBXSourcesBuildPhase;
			buildActionMask = 2147483647;
			files = (
				BF3A6F93152C10270020B7C5 /* NSMutableString+RSSKit.m in Sources */,
				BF3A6F95152C10270020B7C5 /* RSSAttachedMedia.m in Sources */,
				BF3A6F97152C10270020B7C5 /* RSSCloudService.m in Sources */,
				BF3A6F9A152C10270020B7C5 /* RSSEntry.m in Sources */,
				BF3A6F9C152C10270020B7C5 /* RSSFeed.m in Sources */,
				BF3A6F9F152C10270020B7C5 /* RSSParser.m in Sources */,
			);
			runOnlyForDeploymentPostprocessing = 0;
		};
/* End PBXSourcesBuildPhase section */

/* Begin XCBuildConfiguration section */
		BF3A6F7F152C100A0020B7C5 /* Debug */ = {
			isa = XCBuildConfiguration;
			buildSettings = {
				ALWAYS_SEARCH_USER_PATHS = NO;
				ARCHS = "$(ARCHS_STANDARD_32_BIT)";
				COPY_PHASE_STRIP = NO;
				GCC_C_LANGUAGE_STANDARD = gnu99;
				GCC_DYNAMIC_NO_PIC = NO;
				GCC_OPTIMIZATION_LEVEL = 0;
				GCC_PREPROCESSOR_DEFINITIONS = (
					"DEBUG=1",
					"$(inherited)",
				);
				GCC_SYMBOLS_PRIVATE_EXTERN = NO;
				GCC_VERSION = com.apple.compilers.llvm.clang.1_0;
				GCC_WARN_ABOUT_RETURN_TYPE = YES;
				GCC_WARN_UNINITIALIZED_AUTOS = YES;
				GCC_WARN_UNUSED_VARIABLE = YES;
				IPHONEOS_DEPLOYMENT_TARGET = 5.1;
				SDKROOT = iphoneos;
			};
			name = Debug;
		};
		BF3A6F80152C100A0020B7C5 /* Release */ = {
			isa = XCBuildConfiguration;
			buildSettings = {
				ALWAYS_SEARCH_USER_PATHS = NO;
				ARCHS = "$(ARCHS_STANDARD_32_BIT)";
				COPY_PHASE_STRIP = YES;
				GCC_C_LANGUAGE_STANDARD = gnu99;
				GCC_VERSION = com.apple.compilers.llvm.clang.1_0;
				GCC_WARN_ABOUT_RETURN_TYPE = YES;
				GCC_WARN_UNINITIALIZED_AUTOS = YES;
				GCC_WARN_UNUSED_VARIABLE = YES;
				IPHONEOS_DEPLOYMENT_TARGET = 5.1;
				SDKROOT = iphoneos;
				VALIDATE_PRODUCT = YES;
			};
			name = Release;
		};
		BF3A6F82152C100A0020B7C5 /* Debug */ = {
			isa = XCBuildConfiguration;
			buildSettings = {
				DSTROOT = /tmp/RSSKit.dst;
				GCC_PRECOMPILE_PREFIX_HEADER = YES;
				GCC_PREFIX_HEADER = "RSSKit/RSSKit-Prefix.pch";
				OTHER_LDFLAGS = "-ObjC";
				PRODUCT_NAME = "$(TARGET_NAME)";
				SKIP_INSTALL = YES;
			};
			name = Debug;
		};
		BF3A6F83152C100A0020B7C5 /* Release */ = {
			isa = XCBuildConfiguration;
			buildSettings = {
				DSTROOT = /tmp/RSSKit.dst;
				GCC_PRECOMPILE_PREFIX_HEADER = YES;
				GCC_PREFIX_HEADER = "RSSKit/RSSKit-Prefix.pch";
				OTHER_LDFLAGS = "-ObjC";
				PRODUCT_NAME = "$(TARGET_NAME)";
				SKIP_INSTALL = YES;
			};
			name = Release;
		};
/* End XCBuildConfiguration section */

/* Begin XCConfigurationList section */
		BF3A6F6E152C100A0020B7C5 /* Build configuration list for PBXProject "RSSKit" */ = {
			isa = XCConfigurationList;
			buildConfigurations = (
				BF3A6F7F152C100A0020B7C5 /* Debug */,
				BF3A6F80152C100A0020B7C5 /* Release */,
			);
			defaultConfigurationIsVisible = 0;
			defaultConfigurationName = Release;
		};
		BF3A6F81152C100A0020B7C5 /* Build configuration list for PBXNativeTarget "RSSKit" */ = {
			isa = XCConfigurationList;
			buildConfigurations = (
				BF3A6F82152C100A0020B7C5 /* Debug */,
				BF3A6F83152C100A0020B7C5 /* Release */,
			);
			defaultConfigurationIsVisible = 0;
			defaultConfigurationName = Release;
		};
/* End XCConfigurationList section */
	};
	rootObject = BF3A6F6B152C100A0020B7C5 /* Project object */;
}
